
Microsoft Visual Studio Solution File, Format Version 12.00
# Visual Studio 15
VisualStudioVersion = 15.0.27130.2010
MinimumVisualStudioVersion = 10.0.40219.1
Project("{9A19103F-16F7-4668-BE54-9A1E7A4F7556}") = "CommandProcessorLibrary", "CommandProcessorLibrary\CommandProcessorLibrary.csproj", "{F840702C-1D9D-48B7-B2DA-6ECAE04C5845}"
EndProject
Project("{FAE04EC0-301F-11D3-BF4B-00C04F79EFBC}") = "Tester", "Tester\Tester.csproj", "{B029CAF1-95FB-42C8-8A29-30612B7286E9}"
EndProject
Global
	GlobalSection(SolutionConfigurationPlatforms) = preSolution
		Debug|Any CPU = Debug|Any CPU
		Release|Any CPU = Release|Any CPU
	EndGlobalSection
	GlobalSection(ProjectConfigurationPlatforms) = postSolution
		{F840702C-1D9D-48B7-B2DA-6ECAE04C5845}.Debug|Any CPU.ActiveCfg = Debug|Any CPU
		{F840702C-1D9D-48B7-B2DA-6ECAE04C5845}.Debug|Any CPU.Build.0 = Debug|Any CPU
		{F840702C-1D9D-48B7-B2DA-6ECAE04C5845}.Release|Any CPU.ActiveCfg = Release|Any CPU
		{F840702C-1D9D-48B7-B2DA-6ECAE04C5845}.Release|Any CPU.Build.0 = Release|Any CPU
		{B029CAF1-95FB-42C8-8A29-30612B7286E9}.Debug|Any CPU.ActiveCfg = Debug|Any CPU
		{B029CAF1-95FB-42C8-8A29-30612B7286E9}.Debug|Any CPU.Build.0 = Debug|Any CPU
		{B029CAF1-95FB-42C8-8A29-30612B7286E9}.Release|Any CPU.ActiveCfg = Release|Any CPU
		{B029CAF1-95FB-42C8-8A29-30612B7286E9}.Release|Any CPU.Build.0 = Release|Any CPU
	EndGlobalSection
	GlobalSection(SolutionProperties) = preSolution
		HideSolutionNode = FALSE
	EndGlobalSection
	GlobalSection(ExtensibilityGlobals) = postSolution
		SolutionGuid = {2E55F0AB-4B00-4187-B7D5-0670F5F5946E}
	EndGlobalSection
EndGlobal
