
Microsoft Visual Studio Solution File, Format Version 12.00
# Visual Studio 15
Project("{FAE04EC0-301F-11D3-BF4B-00C04F79EFBC}") = "WMCommandFramework2", "WMCommandFramework2\WMCommandFramework2.csproj", "{50C22156-B965-4188-AAEB-DD36AC1F24A2}"
EndProject
Global
	GlobalSection(SolutionConfigurationPlatforms) = preSolution
		Debug|Any CPU = Debug|Any CPU
		Release|Any CPU = Release|Any CPU
	EndGlobalSection
	GlobalSection(ProjectConfigurationPlatforms) = postSolution
		{50C22156-B965-4188-AAEB-DD36AC1F24A2}.Debug|Any CPU.ActiveCfg = Debug|Any CPU
		{50C22156-B965-4188-AAEB-DD36AC1F24A2}.Debug|Any CPU.Build.0 = Debug|Any CPU
		{50C22156-B965-4188-AAEB-DD36AC1F24A2}.Release|Any CPU.ActiveCfg = Release|Any CPU
		{50C22156-B965-4188-AAEB-DD36AC1F24A2}.Release|Any CPU.Build.0 = Release|Any CPU
	EndGlobalSection
EndGlobal
